{
  "sources": {
    "build-essential": {
      "locked_version": "2.0.3",
      "git": "https://github.com/opscode-cookbooks/build-essential",
      "ref": "cb9201a6cf57e15c4995303f7e4df2dea462c3a6"
    },
    "sudo": {
      "locked_version": "2.6.1",
      "git": "https://github.com/opscode-cookbooks/sudo.git",
      "ref": "8bbdff7302f7a86e18d1a3f029813c665b53b322"
    },
    "basic-security-tlq": {
      "locked_version": "0.0.1",
      "git": "git@github.com:TalkingQuickly/basic_security-tlq.git",
      "ref": "903e2a0f1a047331eb47c7a979ff1daf583713ad"
    },
    "look-and-feel-tlq": {
      "locked_version": "0.0.1",
      "git": "git@github.com:TalkingQuickly/look_and_feel-tlq.git",
      "ref": "bf3b58e4233af1455a615f66a61cd104d43415b6"
    },
    "users": {
      "locked_version": "1.7.1",
      "git": "https://github.com/opscode-cookbooks/users.git",
      "ref": "fca9a42ab44dadbb98432c931dfc6c049ecc23ce"
    },
    "chef-solo-search": {
      "locked_version": "0.5.1",
      "git": "https://github.com/edelight/chef-solo-search",
      "ref": "848fad1461c78fd502975f1df2e14eed12610635"
    },
    "memcached-tlq": {
      "locked_version": "0.0.2",
      "git": "git@github.com:TalkingQuickly/memcached-tlq.git",
      "ref": "8ac6e2c68c32f79efcc4c19c7099b7db72ab158d"
    },
    "redis-tlq": {
      "locked_version": "0.0.6",
      "git": "git@github.com:TalkingQuickly/redis-tlq.git",
      "ref": "0fd9ee3dcc7bd01f37e2e057b146595a7849e6aa"
    },
    "monit_configs-as": {
      "locked_version": "0.0.1",
      "git": "git@github.com:andrewsteinmeyer/monit_configs-as.git",
      "ref": "851fe079ce836dd77ad7045467f1271855b90d9d"
    },
    "monit-tlq": {
      "locked_version": "0.3.6",
      "git": "git@github.com:TalkingQuickly/monit-tlq.git",
      "ref": "1418ab881e7119b59de9c0722b58faefa5e765be"
    },
    "rails_gem_dependencies-tlq": {
      "locked_version": "0.0.2",
      "git": "git@github.com:TalkingQuickly/rails_gem_dependencies-tlq.git",
      "ref": "86d443f34b93f59dc7a4ed7e51f46a42b2c79eb1"
    },
    "openssl": {
      "locked_version": "1.1.1",
      "git": "https://github.com/opscode-cookbooks/openssl",
      "ref": "b9a52cdac76063059ff330e8427758cdeff5ee58"
    },
    "mysql": {
      "locked_version": "5.2.13",
      "git": "https://github.com/opscode-cookbooks/mysql",
      "ref": "4b70e99730ab4a7ce6c1dd7a35654a764fb6e0fe"
    },
    "nginx-as": {
      "locked_version": "0.0.1",
      "git": "git@github.com:andrewsteinmeyer/nginx-as.git",
      "ref": "4ccd1665b12b8cb1a1dd746b93de1899bbeb2e1d"
    },
    "rbenv": {
      "locked_version": "0.7.3",
      "git": "https://github.com/fnichol/chef-rbenv",
      "ref": "0a3018634bafe58ad21c6ee271af015220e444b9"
    },
    "nodejs": {
      "locked_version": "1.3.0",
      "git": "https://github.com/mdxp/nodejs-cookbook.git",
      "ref": "e2415cd8c4e03dccf21d7ef6ca31e1c5c81467ca"
    },
    "php": {
      "locked_version": "1.4.7",
      "git": "https://github.com/opscode-cookbooks/php.git",
      "ref": "180e5d23037809e840d6ed8600f50823c513791a"
    },
    "php5-fpm": {
      "locked_version": "0.0.1",
      "git": "git@github.com:andrewsteinmeyer/php5-fpm.git",
      "ref": "5d4e2b4fabc748c924200d91f33bd3ae9eac90cd"
    },
    "ruby_build": {
      "locked_version": "0.8.0"
    },
    "java": {
      "locked_version": "1.22.0"
    },
    "apt": {
      "locked_version": "2.4.0"
    },
    "yum-epel": {
      "locked_version": "0.3.6"
    },
    "yum": {
      "locked_version": "3.2.0"
    },
    "xml": {
      "locked_version": "1.2.4"
    },
    "windows": {
      "locked_version": "1.31.0"
    },
    "chef_handler": {
      "locked_version": "1.1.6"
    },
    "iis": {
      "locked_version": "2.1.2"
    }
  }
}
